// !$*UTF8*$!
{
	archiveVersion = 1;
	classes = {
	};
	objectVersion = 50;
	objects = {

/* Begin PBXBuildFile section */
		AA4AF75823B4464500088F11 /* AppDelegate.swift in Sources */ = {isa = PBXBuildFile; fileRef = AA4AF75723B4464500088F11 /* AppDelegate.swift */; };
		AA4AF75A23B4464500088F11 /* SceneDelegate.swift in Sources */ = {isa = PBXBuildFile; fileRef = AA4AF75923B4464500088F11 /* SceneDelegate.swift */; };
		AA4AF75C23B4464500088F11 /* ViewController.swift in Sources */ = {isa = PBXBuildFile; fileRef = AA4AF75B23B4464500088F11 /* ViewController.swift */; };
		AA4AF75F23B4464500088F11 /* Main.storyboard in Resources */ = {isa = PBXBuildFile; fileRef = AA4AF75D23B4464500088F11 /* Main.storyboard */; };
		AA4AF76123B4464800088F11 /* Assets.xcassets in Resources */ = {isa = PBXBuildFile; fileRef = AA4AF76023B4464800088F11 /* Assets.xcassets */; };
		AA4AF76423B4464800088F11 /* LaunchScreen.storyboard in Resources */ = {isa = PBXBuildFile; fileRef = AA4AF76223B4464800088F11 /* LaunchScreen.storyboard */; };
		AA4AF76F23B4464800088F11 /* ThredTests.swift in Sources */ = {isa = PBXBuildFile; fileRef = AA4AF76E23B4464800088F11 /* ThredTests.swift */; };
		AA4AF77A23B4464800088F11 /* ThredUITests.swift in Sources */ = {isa = PBXBuildFile; fileRef = AA4AF77923B4464800088F11 /* ThredUITests.swift */; };
/* End PBXBuildFile section */

/* Begin PBXContainerItemProxy section */
		AA4AF76B23B4464800088F11 /* PBXContainerItemProxy */ = {
			isa = PBXContainerItemProxy;
			containerPortal = AA4AF74C23B4464500088F11 /* Project object */;
			proxyType = 1;
			remoteGlobalIDString = AA4AF75323B4464500088F11;
			remoteInfo = Thred;
		};
		AA4AF77623B4464800088F11 /* PBXContainerItemProxy */ = {
			isa = PBXContainerItemProxy;
			containerPortal = AA4AF74C23B4464500088F11 /* Project object */;
			proxyType = 1;
			remoteGlobalIDString = AA4AF75323B4464500088F11;
			remoteInfo = Thred;
		};
/* End PBXContainerItemProxy section */

/* Begin PBXFileReference section */
		AA4AF75423B4464500088F11 /* Thred.app */ = {isa = PBXFileReference; explicitFileType = wrapper.application; includeInIndex = 0; path = Thred.app; sourceTree = BUILT_PRODUCTS_DIR; };
		AA4AF75723B4464500088F11 /* AppDelegate.swift */ = {isa = PBXFileReference; lastKnownFileType = sourcecode.swift; path = AppDelegate.swift; sourceTree = "<group>"; };
		AA4AF75923B4464500088F11 /* SceneDelegate.swift */ = {isa = PBXFileReference; lastKnownFileType = sourcecode.swift; path = SceneDelegate.swift; sourceTree = "<group>"; };
		AA4AF75B23B4464500088F11 /* ViewController.swift */ = {isa = PBXFileReference; lastKnownFileType = sourcecode.swift; path = ViewController.swift; sourceTree = "<group>"; };
		AA4AF75E23B4464500088F11 /* Base */ = {isa = PBXFileReference; lastKnownFileType = file.storyboard; name = Base; path = Base.lproj/Main.storyboard; sourceTree = "<group>"; };
		AA4AF76023B4464800088F11 /* Assets.xcassets */ = {isa = PBXFileReference; lastKnownFileType = folder.assetcatalog; path = Assets.xcassets; sourceTree = "<group>"; };
		AA4AF76323B4464800088F11 /* Base */ = {isa = PBXFileReference; lastKnownFileType = file.storyboard; name = Base; path = Base.lproj/LaunchScreen.storyboard; sourceTree = "<group>"; };
		AA4AF76523B4464800088F11 /* Info.plist */ = {isa = PBXFileReference; lastKnownFileType = text.plist.xml; path = Info.plist; sourceTree = "<group>"; };
		AA4AF76A23B4464800088F11 /* ThredTests.xctest */ = {isa = PBXFileReference; explicitFileType = wrapper.cfbundle; includeInIndex = 0; path = ThredTests.xctest; sourceTree = BUILT_PRODUCTS_DIR; };
		AA4AF76E23B4464800088F11 /* ThredTests.swift */ = {isa = PBXFileReference; lastKnownFileType = sourcecode.swift; path = ThredTests.swift; sourceTree = "<group>"; };
		AA4AF77023B4464800088F11 /* Info.plist */ = {isa = PBXFileReference; lastKnownFileType = text.plist.xml; path = Info.plist; sourceTree = "<group>"; };
		AA4AF77523B4464800088F11 /* ThredUITests.xctest */ = {isa = PBXFileReference; explicitFileType = wrapper.cfbundle; includeInIndex = 0; path = ThredUITests.xctest; sourceTree = BUILT_PRODUCTS_DIR; };
		AA4AF77923B4464800088F11 /* ThredUITests.swift */ = {isa = PBXFileReference; lastKnownFileType = sourcecode.swift; path = ThredUITests.swift; sourceTree = "<group>"; };
		AA4AF77B23B4464800088F11 /* Info.plist */ = {isa = PBXFileReference; lastKnownFileType = text.plist.xml; path = Info.plist; sourceTree = "<group>"; };
/* End PBXFileReference section */

/* Begin PBXFrameworksBuildPhase section */
		AA4AF75123B4464500088F11 /* Frameworks */ = {
			isa = PBXFrameworksBuildPhase;
			buildActionMask = 2147483647;
			files = (
			);
			runOnlyForDeploymentPostprocessing = 0;
		};
		AA4AF76723B4464800088F11 /* Frameworks */ = {
			isa = PBXFrameworksBuildPhase;
			buildActionMask = 2147483647;
			files = (
			);
			runOnlyForDeploymentPostprocessing = 0;
		};
		AA4AF77223B4464800088F11 /* Frameworks */ = {
			isa = PBXFrameworksBuildPhase;
			buildActionMask = 2147483647;
			files = (
			);
			runOnlyForDeploymentPostprocessing = 0;
		};
/* End PBXFrameworksBuildPhase section */

/* Begin PBXGroup section */
		AA4AF74B23B4464500088F11 = {
			isa = PBXGroup;
			children = (
				AA4AF75623B4464500088F11 /* Thred */,
				AA4AF76D23B4464800088F11 /* ThredTests */,
				AA4AF77823B4464800088F11 /* ThredUITests */,
				AA4AF75523B4464500088F11 /* Products */,
			);
			sourceTree = "<group>";
		};
		AA4AF75523B4464500088F11 /* Products */ = {
			isa = PBXGroup;
			children = (
				AA4AF75423B4464500088F11 /* Thred.app */,
				AA4AF76A23B4464800088F11 /* ThredTests.xctest */,
				AA4AF77523B4464800088F11 /* ThredUITests.xctest */,
			);
			name = Products;
			sourceTree = "<group>";
		};
		AA4AF75623B4464500088F11 /* Thred */ = {
			isa = PBXGroup;
			children = (
				AA4AF75723B4464500088F11 /* AppDelegate.swift */,
				AA4AF75923B4464500088F11 /* SceneDelegate.swift */,
				AA4AF75B23B4464500088F11 /* ViewController.swift */,
				AA4AF75D23B4464500088F11 /* Main.storyboard */,
				AA4AF76023B4464800088F11 /* Assets.xcassets */,
				AA4AF76223B4464800088F11 /* LaunchScreen.storyboard */,
				AA4AF76523B4464800088F11 /* Info.plist */,
			);
			path = Thred;
			sourceTree = "<group>";
		};
		AA4AF76D23B4464800088F11 /* ThredTests */ = {
			isa = PBXGroup;
			children = (
				AA4AF76E23B4464800088F11 /* ThredTests.swift */,
				AA4AF77023B4464800088F11 /* Info.plist */,
			);
			path = ThredTests;
			sourceTree = "<group>";
		};
		AA4AF77823B4464800088F11 /* ThredUITests */ = {
			isa = PBXGroup;
			children = (
				AA4AF77923B4464800088F11 /* ThredUITests.swift */,
				AA4AF77B23B4464800088F11 /* Info.plist */,
			);
			path = ThredUITests;
			sourceTree = "<group>";
		};
/* End PBXGroup section */

/* Begin PBXNativeTarget section */
		AA4AF75323B4464500088F11 /* Thred */ = {
			isa = PBXNativeTarget;
			buildConfigurationList = AA4AF77E23B4464800088F11 /* Build configuration list for PBXNativeTarget "Thred" */;
			buildPhases = (
				AA4AF75023B4464500088F11 /* Sources */,
				AA4AF75123B4464500088F11 /* Frameworks */,
				AA4AF75223B4464500088F11 /* Resources */,
			);
			buildRules = (
			);
			dependencies = (
			);
			name = Thred;
			productName = Thred;
			productReference = AA4AF75423B4464500088F11 /* Thred.app */;
			productType = "com.apple.product-type.application";
		};
		AA4AF76923B4464800088F11 /* ThredTests */ = {
			isa = PBXNativeTarget;
			buildConfigurationList = AA4AF78123B4464800088F11 /* Build configuration list for PBXNativeTarget "ThredTests" */;
			buildPhases = (
				AA4AF76623B4464800088F11 /* Sources */,
				AA4AF76723B4464800088F11 /* Frameworks */,
				AA4AF76823B4464800088F11 /* Resources */,
			);
			buildRules = (
			);
			dependencies = (
				AA4AF76C23B4464800088F11 /* PBXTargetDependency */,
			);
			name = ThredTests;
			productName = ThredTests;
			productReference = AA4AF76A23B4464800088F11 /* ThredTests.xctest */;
			productType = "com.apple.product-type.bundle.unit-test";
		};
		AA4AF77423B4464800088F11 /* ThredUITests */ = {
			isa = PBXNativeTarget;
			buildConfigurationList = AA4AF78423B4464800088F11 /* Build configuration list for PBXNativeTarget "ThredUITests" */;
			buildPhases = (
				AA4AF77123B4464800088F11 /* Sources */,
				AA4AF77223B4464800088F11 /* Frameworks */,
				AA4AF77323B4464800088F11 /* Resources */,
			);
			buildRules = (
			);
			dependencies = (
				AA4AF77723B4464800088F11 /* PBXTargetDependency */,
			);
			name = ThredUITests;
			productName = ThredUITests;
			productReference = AA4AF77523B4464800088F11 /* ThredUITests.xctest */;
			productType = "com.apple.product-type.bundle.ui-testing";
		};
/* End PBXNativeTarget section */

/* Begin PBXProject section */
		AA4AF74C23B4464500088F11 /* Project object */ = {
			isa = PBXProject;
			attributes = {
				LastSwiftUpdateCheck = 1120;
				LastUpgradeCheck = 1120;
				ORGANIZATIONNAME = Thred;
				TargetAttributes = {
					AA4AF75323B4464500088F11 = {
						CreatedOnToolsVersion = 11.2.1;
					};
					AA4AF76923B4464800088F11 = {
						CreatedOnToolsVersion = 11.2.1;
						TestTargetID = AA4AF75323B4464500088F11;
					};
					AA4AF77423B4464800088F11 = {
						CreatedOnToolsVersion = 11.2.1;
						TestTargetID = AA4AF75323B4464500088F11;
					};
				};
			};
			buildConfigurationList = AA4AF74F23B4464500088F11 /* Build configuration list for PBXProject "Thred" */;
			compatibilityVersion = "Xcode 9.3";
			developmentRegion = en;
			hasScannedForEncodings = 0;
			knownRegions = (
				en,
				Base,
			);
			mainGroup = AA4AF74B23B4464500088F11;
			productRefGroup = AA4AF75523B4464500088F11 /* Products */;
			projectDirPath = "";
			projectRoot = "";
			targets = (
				AA4AF75323B4464500088F11 /* Thred */,
				AA4AF76923B4464800088F11 /* ThredTests */,
				AA4AF77423B4464800088F11 /* ThredUITests */,
			);
		};
/* End PBXProject section */

/* Begin PBXResourcesBuildPhase section */
		AA4AF75223B4464500088F11 /* Resources */ = {
			isa = PBXResourcesBuildPhase;
			buildActionMask = 2147483647;
			files = (
				AA4AF76423B4464800088F11 /* LaunchScreen.storyboard in Resources */,
				AA4AF76123B4464800088F11 /* Assets.xcassets in Resources */,
				AA4AF75F23B4464500088F11 /* Main.storyboard in Resources */,
			);
			runOnlyForDeploymentPostprocessing = 0;
		};
		AA4AF76823B4464800088F11 /* Resources */ = {
			isa = PBXResourcesBuildPhase;
			buildActionMask = 2147483647;
			files = (
			);
			runOnlyForDeploymentPostprocessing = 0;
		};
		AA4AF77323B4464800088F11 /* Resources */ = {
			isa = PBXResourcesBuildPhase;
			buildActionMask = 2147483647;
			files = (
			);
			runOnlyForDeploymentPostprocessing = 0;
		};
/* End PBXResourcesBuildPhase section */

/* Begin PBXSourcesBuildPhase section */
		AA4AF75023B4464500088F11 /* Sources */ = {
			isa = PBXSourcesBuildPhase;
			buildActionMask = 2147483647;
			files = (
				AA4AF75C23B4464500088F11 /* ViewController.swift in Sources */,
				AA4AF75823B4464500088F11 /* AppDelegate.swift in Sources */,
				AA4AF75A23B4464500088F11 /* SceneDelegate.swift in Sources */,
			);
			runOnlyForDeploymentPostprocessing = 0;
		};
		AA4AF76623B4464800088F11 /* Sources */ = {
			isa = PBXSourcesBuildPhase;
			buildActionMask = 2147483647;
			files = (
				AA4AF76F23B4464800088F11 /* ThredTests.swift in Sources */,
			);
			runOnlyForDeploymentPostprocessing = 0;
		};
		AA4AF77123B4464800088F11 /* Sources */ = {
			isa = PBXSourcesBuildPhase;
			buildActionMask = 2147483647;
			files = (
				AA4AF77A23B4464800088F11 /* ThredUITests.swift in Sources */,
			);
			runOnlyForDeploymentPostprocessing = 0;
		};
/* End PBXSourcesBuildPhase section */

/* Begin PBXTargetDependency section */
		AA4AF76C23B4464800088F11 /* PBXTargetDependency */ = {
			isa = PBXTargetDependency;
			target = AA4AF75323B4464500088F11 /* Thred */;
			targetProxy = AA4AF76B23B4464800088F11 /* PBXContainerItemProxy */;
		};
		AA4AF77723B4464800088F11 /* PBXTargetDependency */ = {
			isa = PBXTargetDependency;
			target = AA4AF75323B4464500088F11 /* Thred */;
			targetProxy = AA4AF77623B4464800088F11 /* PBXContainerItemProxy */;
		};
/* End PBXTargetDependency section */

/* Begin PBXVariantGroup section */
		AA4AF75D23B4464500088F11 /* Main.storyboard */ = {
			isa = PBXVariantGroup;
			children = (
				AA4AF75E23B4464500088F11 /* Base */,
			);
			name = Main.storyboard;
			sourceTree = "<group>";
		};
		AA4AF76223B4464800088F11 /* LaunchScreen.storyboard */ = {
			isa = PBXVariantGroup;
			children = (
				AA4AF76323B4464800088F11 /* Base */,
			);
			name = LaunchScreen.storyboard;
			sourceTree = "<group>";
		};
/* End PBXVariantGroup section */

/* Begin XCBuildConfiguration section */
		AA4AF77C23B4464800088F11 /* Debug */ = {
			isa = XCBuildConfiguration;
			buildSettings = {
				ALWAYS_SEARCH_USER_PATHS = NO;
				CLANG_ANALYZER_NONNULL = YES;
				CLANG_ANALYZER_NUMBER_OBJECT_CONVERSION = YES_AGGRESSIVE;
				CLANG_CXX_LANGUAGE_STANDARD = "gnu++14";
				CLANG_CXX_LIBRARY = "libc++";
				CLANG_ENABLE_MODULES = YES;
				CLANG_ENABLE_OBJC_ARC = YES;
				CLANG_ENABLE_OBJC_WEAK = YES;
				CLANG_WARN_BLOCK_CAPTURE_AUTORELEASING = YES;
				CLANG_WARN_BOOL_CONVERSION = YES;
				CLANG_WARN_COMMA = YES;
				CLANG_WARN_CONSTANT_CONVERSION = YES;
				CLANG_WARN_DEPRECATED_OBJC_IMPLEMENTATIONS = YES;
				CLANG_WARN_DIRECT_OBJC_ISA_USAGE = YES_ERROR;
				CLANG_WARN_DOCUMENTATION_COMMENTS = YES;
				CLANG_WARN_EMPTY_BODY = YES;
				CLANG_WARN_ENUM_CONVERSION = YES;
				CLANG_WARN_INFINITE_RECURSION = YES;
				CLANG_WARN_INT_CONVERSION = YES;
				CLANG_WARN_NON_LITERAL_NULL_CONVERSION = YES;
				CLANG_WARN_OBJC_IMPLICIT_RETAIN_SELF = YES;
				CLANG_WARN_OBJC_LITERAL_CONVERSION = YES;
				CLANG_WARN_OBJC_ROOT_CLASS = YES_ERROR;
				CLANG_WARN_RANGE_LOOP_ANALYSIS = YES;
				CLANG_WARN_STRICT_PROTOTYPES = YES;
				CLANG_WARN_SUSPICIOUS_MOVE = YES;
				CLANG_WARN_UNGUARDED_AVAILABILITY = YES_AGGRESSIVE;
				CLANG_WARN_UNREACHABLE_CODE = YES;
				CLANG_WARN__DUPLICATE_METHOD_MATCH = YES;
				COPY_PHASE_STRIP = NO;
				DEBUG_INFORMATION_FORMAT = dwarf;
				ENABLE_STRICT_OBJC_MSGSEND = YES;
				ENABLE_TESTABILITY = YES;
				GCC_C_LANGUAGE_STANDARD = gnu11;
				GCC_DYNAMIC_NO_PIC = NO;
				GCC_NO_COMMON_BLOCKS = YES;
				GCC_OPTIMIZATION_LEVEL = 0;
				GCC_PREPROCESSOR_DEFINITIONS = (
					"DEBUG=1",
					"$(inherited)",
				);
				GCC_WARN_64_TO_32_BIT_CONVERSION = YES;
				GCC_WARN_ABOUT_RETURN_TYPE = YES_ERROR;
				GCC_WARN_UNDECLARED_SELECTOR = YES;
				GCC_WARN_UNINITIALIZED_AUTOS = YES_AGGRESSIVE;
				GCC_WARN_UNUSED_FUNCTION = YES;
				GCC_WARN_UNUSED_VARIABLE = YES;
				IPHONEOS_DEPLOYMENT_TARGET = 13.2;
				MTL_ENABLE_DEBUG_INFO = INCLUDE_SOURCE;
				MTL_FAST_MATH = YES;
				ONLY_ACTIVE_ARCH = YES;
				SDKROOT = iphoneos;
				SWIFT_ACTIVE_COMPILATION_CONDITIONS = DEBUG;
				SWIFT_OPTIMIZATION_LEVEL = "-Onone";
			};
			name = Debug;
		};
		AA4AF77D23B4464800088F11 /* Release */ = {
			isa = XCBuildConfiguration;
			buildSettings = {
				ALWAYS_SEARCH_USER_PATHS = NO;
				CLANG_ANALYZER_NONNULL = YES;
				CLANG_ANALYZER_NUMBER_OBJECT_CONVERSION = YES_AGGRESSIVE;
				CLANG_CXX_LANGUAGE_STANDARD = "gnu++14";
				CLANG_CXX_LIBRARY = "libc++";
				CLANG_ENABLE_MODULES = YES;
				CLANG_ENABLE_OBJC_ARC = YES;
				CLANG_ENABLE_OBJC_WEAK = YES;
				CLANG_WARN_BLOCK_CAPTURE_AUTORELEASING = YES;
				CLANG_WARN_BOOL_CONVERSION = YES;
				CLANG_WARN_COMMA = YES;
				CLANG_WARN_CONSTANT_CONVERSION = YES;
				CLANG_WARN_DEPRECATED_OBJC_IMPLEMENTATIONS = YES;
				CLANG_WARN_DIRECT_OBJC_ISA_USAGE = YES_ERROR;
				CLANG_WARN_DOCUMENTATION_COMMENTS = YES;
				CLANG_WARN_EMPTY_BODY = YES;
				CLANG_WARN_ENUM_CONVERSION = YES;
				CLANG_WARN_INFINITE_RECURSION = YES;
				CLANG_WARN_INT_CONVERSION = YES;
				CLANG_WARN_NON_LITERAL_NULL_CONVERSION = YES;
				CLANG_WARN_OBJC_IMPLICIT_RETAIN_SELF = YES;
				CLANG_WARN_OBJC_LITERAL_CONVERSION = YES;
				CLANG_WARN_OBJC_ROOT_CLASS = YES_ERROR;
				CLANG_WARN_RANGE_LOOP_ANALYSIS = YES;
				CLANG_WARN_STRICT_PROTOTYPES = YES;
				CLANG_WARN_SUSPICIOUS_MOVE = YES;
				CLANG_WARN_UNGUARDED_AVAILABILITY = YES_AGGRESSIVE;
				CLANG_WARN_UNREACHABLE_CODE = YES;
				CLANG_WARN__DUPLICATE_METHOD_MATCH = YES;
				COPY_PHASE_STRIP = NO;
				DEBUG_INFORMATION_FORMAT = "dwarf-with-dsym";
				ENABLE_NS_ASSERTIONS = NO;
				ENABLE_STRICT_OBJC_MSGSEND = YES;
				GCC_C_LANGUAGE_STANDARD = gnu11;
				GCC_NO_COMMON_BLOCKS = YES;
				GCC_WARN_64_TO_32_BIT_CONVERSION = YES;
				GCC_WARN_ABOUT_RETURN_TYPE = YES_ERROR;
				GCC_WARN_UNDECLARED_SELECTOR = YES;
				GCC_WARN_UNINITIALIZED_AUTOS = YES_AGGRESSIVE;
				GCC_WARN_UNUSED_FUNCTION = YES;
				GCC_WARN_UNUSED_VARIABLE = YES;
				IPHONEOS_DEPLOYMENT_TARGET = 13.2;
				MTL_ENABLE_DEBUG_INFO = NO;
				MTL_FAST_MATH = YES;
				SDKROOT = iphoneos;
				SWIFT_COMPILATION_MODE = wholemodule;
				SWIFT_OPTIMIZATION_LEVEL = "-O";
				VALIDATE_PRODUCT = YES;
			};
			name = Release;
		};
		AA4AF77F23B4464800088F11 /* Debug */ = {
			isa = XCBuildConfiguration;
			buildSettings = {
				ASSETCATALOG_COMPILER_APPICON_NAME = AppIcon;
				CODE_SIGN_STYLE = Automatic;
				DEVELOPMENT_TEAM = WA263Q86P5;
				INFOPLIST_FILE = Thred/Info.plist;
				LD_RUNPATH_SEARCH_PATHS = (
					"$(inherited)",
					"@executable_path/Frameworks",
				);
				PRODUCT_BUNDLE_IDENTIFIER = thred.Thred;
				PRODUCT_NAME = "$(TARGET_NAME)";
				SWIFT_VERSION = 5.0;
				TARGETED_DEVICE_FAMILY = "1,2";
			};
			name = Debug;
		};
		AA4AF78023B4464800088F11 /* Release */ = {
			isa = XCBuildConfiguration;
			buildSettings = {
				ASSETCATALOG_COMPILER_APPICON_NAME = AppIcon;
				CODE_SIGN_STYLE = Automatic;
				DEVELOPMENT_TEAM = WA263Q86P5;
				INFOPLIST_FILE = Thred/Info.plist;
				LD_RUNPATH_SEARCH_PATHS = (
					"$(inherited)",
					"@executable_path/Frameworks",
				);
				PRODUCT_BUNDLE_IDENTIFIER = thred.Thred;
				PRODUCT_NAME = "$(TARGET_NAME)";
				SWIFT_VERSION = 5.0;
				TARGETED_DEVICE_FAMILY = "1,2";
			};
			name = Release;
		};
		AA4AF78223B4464800088F11 /* Debug */ = {
			isa = XCBuildConfiguration;
			buildSettings = {
				ALWAYS_EMBED_SWIFT_STANDARD_LIBRARIES = YES;
				BUNDLE_LOADER = "$(TEST_HOST)";
				CODE_SIGN_STYLE = Automatic;
				DEVELOPMENT_TEAM = WA263Q86P5;
				INFOPLIST_FILE = ThredTests/Info.plist;
				IPHONEOS_DEPLOYMENT_TARGET = 13.2;
				LD_RUNPATH_SEARCH_PATHS = (
					"$(inherited)",
					"@executable_path/Frameworks",
					"@loader_path/Frameworks",
				);
				PRODUCT_BUNDLE_IDENTIFIER = thred.ThredTests;
				PRODUCT_NAME = "$(TARGET_NAME)";
				SWIFT_VERSION = 5.0;
				TARGETED_DEVICE_FAMILY = "1,2";
				TEST_HOST = "$(BUILT_PRODUCTS_DIR)/Thred.app/Thred";
			};
			name = Debug;
		};
		AA4AF78323B4464800088F11 /* Release */ = {
			isa = XCBuildConfiguration;
			buildSettings = {
				ALWAYS_EMBED_SWIFT_STANDARD_LIBRARIES = YES;
				BUNDLE_LOADER = "$(TEST_HOST)";
				CODE_SIGN_STYLE = Automatic;
				DEVELOPMENT_TEAM = WA263Q86P5;
				INFOPLIST_FILE = ThredTests/Info.plist;
				IPHONEOS_DEPLOYMENT_TARGET = 13.2;
				LD_RUNPATH_SEARCH_PATHS = (
					"$(inherited)",
					"@executable_path/Frameworks",
					"@loader_path/Frameworks",
				);
				PRODUCT_BUNDLE_IDENTIFIER = thred.ThredTests;
				PRODUCT_NAME = "$(TARGET_NAME)";
				SWIFT_VERSION = 5.0;
				TARGETED_DEVICE_FAMILY = "1,2";
				TEST_HOST = "$(BUILT_PRODUCTS_DIR)/Thred.app/Thred";
			};
			name = Release;
		};
		AA4AF78523B4464800088F11 /* Debug */ = {
			isa = XCBuildConfiguration;
			buildSettings = {
				ALWAYS_EMBED_SWIFT_STANDARD_LIBRARIES = YES;
				CODE_SIGN_STYLE = Automatic;
				DEVELOPMENT_TEAM = WA263Q86P5;
				INFOPLIST_FILE = ThredUITests/Info.plist;
				LD_RUNPATH_SEARCH_PATHS = (
					"$(inherited)",
					"@executable_path/Frameworks",
					"@loader_path/Frameworks",
				);
				PRODUCT_BUNDLE_IDENTIFIER = thred.ThredUITests;
				PRODUCT_NAME = "$(TARGET_NAME)";
				SWIFT_VERSION = 5.0;
				TARGETED_DEVICE_FAMILY = "1,2";
				TEST_TARGET_NAME = Thred;
			};
			name = Debug;
		};
		AA4AF78623B4464800088F11 /* Release */ = {
			isa = XCBuildConfiguration;
			buildSettings = {
				ALWAYS_EMBED_SWIFT_STANDARD_LIBRARIES = YES;
				CODE_SIGN_STYLE = Automatic;
				DEVELOPMENT_TEAM = WA263Q86P5;
				INFOPLIST_FILE = ThredUITests/Info.plist;
				LD_RUNPATH_SEARCH_PATHS = (
					"$(inherited)",
					"@executable_path/Frameworks",
					"@loader_path/Frameworks",
				);
				PRODUCT_BUNDLE_IDENTIFIER = thred.ThredUITests;
				PRODUCT_NAME = "$(TARGET_NAME)";
				SWIFT_VERSION = 5.0;
				TARGETED_DEVICE_FAMILY = "1,2";
				TEST_TARGET_NAME = Thred;
			};
			name = Release;
		};
/* End XCBuildConfiguration section */

/* Begin XCConfigurationList section */
		AA4AF74F23B4464500088F11 /* Build configuration list for PBXProject "Thred" */ = {
			isa = XCConfigurationList;
			buildConfigurations = (
				AA4AF77C23B4464800088F11 /* Debug */,
				AA4AF77D23B4464800088F11 /* Release */,
			);
			defaultConfigurationIsVisible = 0;
			defaultConfigurationName = Release;
		};
		AA4AF77E23B4464800088F11 /* Build configuration list for PBXNativeTarget "Thred" */ = {
			isa = XCConfigurationList;
			buildConfigurations = (
				AA4AF77F23B4464800088F11 /* Debug */,
				AA4AF78023B4464800088F11 /* Release */,
			);
			defaultConfigurationIsVisible = 0;
			defaultConfigurationName = Release;
		};
		AA4AF78123B4464800088F11 /* Build configuration list for PBXNativeTarget "ThredTests" */ = {
			isa = XCConfigurationList;
			buildConfigurations = (
				AA4AF78223B4464800088F11 /* Debug */,
				AA4AF78323B4464800088F11 /* Release */,
			);
			defaultConfigurationIsVisible = 0;
			defaultConfigurationName = Release;
		};
		AA4AF78423B4464800088F11 /* Build configuration list for PBXNativeTarget "ThredUITests" */ = {
			isa = XCConfigurationList;
			buildConfigurations = (
				AA4AF78523B4464800088F11 /* Debug */,
				AA4AF78623B4464800088F11 /* Release */,
			);
			defaultConfigurationIsVisible = 0;
			defaultConfigurationName = Release;
		};
/* End XCConfigurationList section */
	};
	rootObject = AA4AF74C23B4464500088F11 /* Project object */;
}
